
Microsoft Visual Studio Solution File, Format Version 12.00
# Visual Studio Version 17
VisualStudioVersion = 17.5.002.0
MinimumVisualStudioVersion = 10.0.40219.1
Project("{2150E333-8FDC-42A3-9474-1A3956D46DE8}") = "backend", "backend", "{C32A4B07-2F66-41A0-846E-F090B680AAD8}"
EndProject
Project("{2150E333-8FDC-42A3-9474-1A3956D46DE8}") = "src", "src", "{AE1564D5-4D9E-4C37-845F-2F3A4A5427A0}"
EndProject
Project("{9A19103F-16F7-4668-BE54-9A1E7A4F7556}") = "sample-dotnet-api", "backend\src\sample-dotnet-api\sample-dotnet-api.csproj", "{3639E797-C1D0-4C98-888E-7BC8ADE04743}"
EndProject
Global
	GlobalSection(SolutionConfigurationPlatforms) = preSolution
		Debug|Any CPU = Debug|Any CPU
		Release|Any CPU = Release|Any CPU
	EndGlobalSection
	GlobalSection(ProjectConfigurationPlatforms) = postSolution
		{3639E797-C1D0-4C98-888E-7BC8ADE04743}.Debug|Any CPU.ActiveCfg = Debug|Any CPU
		{3639E797-C1D0-4C98-888E-7BC8ADE04743}.Debug|Any CPU.Build.0 = Debug|Any CPU
		{3639E797-C1D0-4C98-888E-7BC8ADE04743}.Release|Any CPU.ActiveCfg = Release|Any CPU
		{3639E797-C1D0-4C98-888E-7BC8ADE04743}.Release|Any CPU.Build.0 = Release|Any CPU
	EndGlobalSection
	GlobalSection(SolutionProperties) = preSolution
		HideSolutionNode = FALSE
	EndGlobalSection
	GlobalSection(NestedProjects) = preSolution
		{AE1564D5-4D9E-4C37-845F-2F3A4A5427A0} = {C32A4B07-2F66-41A0-846E-F090B680AAD8}
		{3639E797-C1D0-4C98-888E-7BC8ADE04743} = {AE1564D5-4D9E-4C37-845F-2F3A4A5427A0}
	EndGlobalSection
	GlobalSection(ExtensibilityGlobals) = postSolution
		SolutionGuid = {B1E4F8EA-FA25-4DAF-AF77-99BA3D1FF96E}
	EndGlobalSection
EndGlobal
